
Microsoft Visual Studio Solution File, Format Version 12.00
# Visual Studio 14
VisualStudioVersion = 14.0.25420.1
MinimumVisualStudioVersion = 10.0.40219.1
Project("{54435603-DBB4-11D2-8724-00A0C9A8B90C}") = "syntrodb64_installer", "syntrodb64_installer.vdproj", "{B33D3F29-5A26-4C2C-81D0-D7A4BB4B0FEB}"
EndProject
Global
	GlobalSection(SolutionConfigurationPlatforms) = preSolution
		Release|x64 = Release|x64
	EndGlobalSection
	GlobalSection(ProjectConfigurationPlatforms) = postSolution
		{B33D3F29-5A26-4C2C-81D0-D7A4BB4B0FEB}.Release|x64.ActiveCfg = Release
		{B33D3F29-5A26-4C2C-81D0-D7A4BB4B0FEB}.Release|x64.Build.0 = Release
	EndGlobalSection
	GlobalSection(SolutionProperties) = preSolution
		HideSolutionNode = FALSE
	EndGlobalSection
EndGlobal
